// !$*UTF8*$!
{
	archiveVersion = 1;
	classes = {
	};
	objectVersion = 46;
	objects = {

/* Begin PBXBuildFile section */
		8384CE3417457A5900854C09 /* UIKit.framework in Frameworks */ = {isa = PBXBuildFile; fileRef = 8384CE3317457A5900854C09 /* UIKit.framework */; };
		8384CE3617457A5900854C09 /* Foundation.framework in Frameworks */ = {isa = PBXBuildFile; fileRef = 8384CE3517457A5900854C09 /* Foundation.framework */; };
		8384CE3817457A5900854C09 /* CoreGraphics.framework in Frameworks */ = {isa = PBXBuildFile; fileRef = 8384CE3717457A5900854C09 /* CoreGraphics.framework */; };
		8384CE3E17457A5900854C09 /* InfoPlist.strings in Resources */ = {isa = PBXBuildFile; fileRef = 8384CE3C17457A5900854C09 /* InfoPlist.strings */; };
		8384CE4017457A5900854C09 /* main.m in Sources */ = {isa = PBXBuildFile; fileRef = 8384CE3F17457A5900854C09 /* main.m */; };
		8384CE4617457A5900854C09 /* Default.png in Resources */ = {isa = PBXBuildFile; fileRef = 8384CE4517457A5900854C09 /* Default.png */; };
		8384CE4817457A5900854C09 /* Default@2x.png in Resources */ = {isa = PBXBuildFile; fileRef = 8384CE4717457A5900854C09 /* Default@2x.png */; };
		8384CE4A17457A5900854C09 /* Default-568h@2x.png in Resources */ = {isa = PBXBuildFile; fileRef = 8384CE4917457A5900854C09 /* Default-568h@2x.png */; };
		8384CE5B17457A5900854C09 /* SenTestingKit.framework in Frameworks */ = {isa = PBXBuildFile; fileRef = 8384CE5A17457A5900854C09 /* SenTestingKit.framework */; };
		8384CE5C17457A5900854C09 /* UIKit.framework in Frameworks */ = {isa = PBXBuildFile; fileRef = 8384CE3317457A5900854C09 /* UIKit.framework */; };
		8384CE5D17457A5900854C09 /* Foundation.framework in Frameworks */ = {isa = PBXBuildFile; fileRef = 8384CE3517457A5900854C09 /* Foundation.framework */; };
		8384CE6517457A5900854C09 /* InfoPlist.strings in Resources */ = {isa = PBXBuildFile; fileRef = 8384CE6317457A5900854C09 /* InfoPlist.strings */; };
		8384CE6817457A5900854C09 /* RZSegmentViewController_DemoTests.m in Sources */ = {isa = PBXBuildFile; fileRef = 8384CE6717457A5900854C09 /* RZSegmentViewController_DemoTests.m */; };
		8384CE7917457C0400854C09 /* BasicViewController.m in Sources */ = {isa = PBXBuildFile; fileRef = 8384CE7717457C0400854C09 /* BasicViewController.m */; };
		8384CE7A17457C0400854C09 /* BasicViewController.xib in Resources */ = {isa = PBXBuildFile; fileRef = 8384CE7817457C0400854C09 /* BasicViewController.xib */; };
		8384CE82174583D600854C09 /* BasicTableViewController.m in Sources */ = {isa = PBXBuildFile; fileRef = 8384CE81174583D600854C09 /* BasicTableViewController.m */; };
		8384CE851745870B00854C09 /* MainViewController.m in Sources */ = {isa = PBXBuildFile; fileRef = 8384CE841745870B00854C09 /* MainViewController.m */; };
		8384CE861745870B00854C09 /* MainViewController.m in Sources */ = {isa = PBXBuildFile; fileRef = 8384CE841745870B00854C09 /* MainViewController.m */; };
		8384CE891745871600854C09 /* AppDelegate.m in Sources */ = {isa = PBXBuildFile; fileRef = 8384CE881745871600854C09 /* AppDelegate.m */; };
		8384CE8A1745871600854C09 /* AppDelegate.m in Sources */ = {isa = PBXBuildFile; fileRef = 8384CE881745871600854C09 /* AppDelegate.m */; };
		8384CE8D1745872600854C09 /* RZSegmentViewController.m in Sources */ = {isa = PBXBuildFile; fileRef = 8384CE8C1745872600854C09 /* RZSegmentViewController.m */; };
		8384CE8E1745872600854C09 /* RZSegmentViewController.m in Sources */ = {isa = PBXBuildFile; fileRef = 8384CE8C1745872600854C09 /* RZSegmentViewController.m */; };
		98CC5BC218298A9400648D31 /* RZViewControllerTransitioningContext.m in Sources */ = {isa = PBXBuildFile; fileRef = 98CC5BC118298A9400648D31 /* RZViewControllerTransitioningContext.m */; };
		98CC5BC618298B3F00648D31 /* RZAnimationTransition.m in Sources */ = {isa = PBXBuildFile; fileRef = 98CC5BC518298B3F00648D31 /* RZAnimationTransition.m */; };
/* End PBXBuildFile section */

/* Begin PBXContainerItemProxy section */
		8384CE5E17457A5900854C09 /* PBXContainerItemProxy */ = {
			isa = PBXContainerItemProxy;
			containerPortal = 8384CE2817457A5900854C09 /* Project object */;
			proxyType = 1;
			remoteGlobalIDString = 8384CE2F17457A5900854C09;
			remoteInfo = "RZSegmentViewController-Demo";
		};
/* End PBXContainerItemProxy section */

/* Begin PBXFileReference section */
		8384CE3017457A5900854C09 /* RZSegmentViewController-Demo.app */ = {isa = PBXFileReference; explicitFileType = wrapper.application; includeInIndex = 0; path = "RZSegmentViewController-Demo.app"; sourceTree = BUILT_PRODUCTS_DIR; };
		8384CE3317457A5900854C09 /* UIKit.framework */ = {isa = PBXFileReference; lastKnownFileType = wrapper.framework; name = UIKit.framework; path = System/Library/Frameworks/UIKit.framework; sourceTree = SDKROOT; };
		8384CE3517457A5900854C09 /* Foundation.framework */ = {isa = PBXFileReference; lastKnownFileType = wrapper.framework; name = Foundation.framework; path = System/Library/Frameworks/Foundation.framework; sourceTree = SDKROOT; };
		8384CE3717457A5900854C09 /* CoreGraphics.framework */ = {isa = PBXFileReference; lastKnownFileType = wrapper.framework; name = CoreGraphics.framework; path = System/Library/Frameworks/CoreGraphics.framework; sourceTree = SDKROOT; };
		8384CE3B17457A5900854C09 /* RZSegmentViewController-Demo-Info.plist */ = {isa = PBXFileReference; lastKnownFileType = text.plist.xml; path = "RZSegmentViewController-Demo-Info.plist"; sourceTree = "<group>"; };
		8384CE3D17457A5900854C09 /* en */ = {isa = PBXFileReference; lastKnownFileType = text.plist.strings; name = en; path = en.lproj/InfoPlist.strings; sourceTree = "<group>"; };
		8384CE3F17457A5900854C09 /* main.m */ = {isa = PBXFileReference; lastKnownFileType = sourcecode.c.objc; path = main.m; sourceTree = "<group>"; };
		8384CE4117457A5900854C09 /* RZSegmentViewController-Demo-Prefix.pch */ = {isa = PBXFileReference; lastKnownFileType = sourcecode.c.h; path = "RZSegmentViewController-Demo-Prefix.pch"; sourceTree = "<group>"; };
		8384CE4517457A5900854C09 /* Default.png */ = {isa = PBXFileReference; lastKnownFileType = image.png; path = Default.png; sourceTree = "<group>"; };
		8384CE4717457A5900854C09 /* Default@2x.png */ = {isa = PBXFileReference; lastKnownFileType = image.png; path = "Default@2x.png"; sourceTree = "<group>"; };
		8384CE4917457A5900854C09 /* Default-568h@2x.png */ = {isa = PBXFileReference; lastKnownFileType = image.png; path = "Default-568h@2x.png"; sourceTree = "<group>"; };
		8384CE5917457A5900854C09 /* RZSegmentViewController-DemoTests.octest */ = {isa = PBXFileReference; explicitFileType = wrapper.cfbundle; includeInIndex = 0; path = "RZSegmentViewController-DemoTests.octest"; sourceTree = BUILT_PRODUCTS_DIR; };
		8384CE5A17457A5900854C09 /* SenTestingKit.framework */ = {isa = PBXFileReference; lastKnownFileType = wrapper.framework; name = SenTestingKit.framework; path = Library/Frameworks/SenTestingKit.framework; sourceTree = DEVELOPER_DIR; };
		8384CE6217457A5900854C09 /* RZSegmentViewController-DemoTests-Info.plist */ = {isa = PBXFileReference; lastKnownFileType = text.plist.xml; path = "RZSegmentViewController-DemoTests-Info.plist"; sourceTree = "<group>"; };
		8384CE6417457A5900854C09 /* en */ = {isa = PBXFileReference; lastKnownFileType = text.plist.strings; name = en; path = en.lproj/InfoPlist.strings; sourceTree = "<group>"; };
		8384CE6617457A5900854C09 /* RZSegmentViewController_DemoTests.h */ = {isa = PBXFileReference; lastKnownFileType = sourcecode.c.h; path = RZSegmentViewController_DemoTests.h; sourceTree = "<group>"; };
		8384CE6717457A5900854C09 /* RZSegmentViewController_DemoTests.m */ = {isa = PBXFileReference; lastKnownFileType = sourcecode.c.objc; path = RZSegmentViewController_DemoTests.m; sourceTree = "<group>"; };
		8384CE7617457C0400854C09 /* BasicViewController.h */ = {isa = PBXFileReference; fileEncoding = 4; lastKnownFileType = sourcecode.c.h; name = BasicViewController.h; path = ViewControllers/BasicViewController.h; sourceTree = "<group>"; };
		8384CE7717457C0400854C09 /* BasicViewController.m */ = {isa = PBXFileReference; fileEncoding = 4; lastKnownFileType = sourcecode.c.objc; name = BasicViewController.m; path = ViewControllers/BasicViewController.m; sourceTree = "<group>"; };
		8384CE7817457C0400854C09 /* BasicViewController.xib */ = {isa = PBXFileReference; fileEncoding = 4; lastKnownFileType = file.xib; name = BasicViewController.xib; path = ViewControllers/BasicViewController.xib; sourceTree = "<group>"; };
		8384CE80174583D600854C09 /* BasicTableViewController.h */ = {isa = PBXFileReference; fileEncoding = 4; lastKnownFileType = sourcecode.c.h; name = BasicTableViewController.h; path = ViewControllers/BasicTableViewController.h; sourceTree = "<group>"; };
		8384CE81174583D600854C09 /* BasicTableViewController.m */ = {isa = PBXFileReference; fileEncoding = 4; lastKnownFileType = sourcecode.c.objc; name = BasicTableViewController.m; path = ViewControllers/BasicTableViewController.m; sourceTree = "<group>"; };
		8384CE831745870B00854C09 /* MainViewController.h */ = {isa = PBXFileReference; fileEncoding = 4; lastKnownFileType = sourcecode.c.h; name = MainViewController.h; path = ViewControllers/MainViewController.h; sourceTree = "<group>"; };
		8384CE841745870B00854C09 /* MainViewController.m */ = {isa = PBXFileReference; fileEncoding = 4; lastKnownFileType = sourcecode.c.objc; name = MainViewController.m; path = ViewControllers/MainViewController.m; sourceTree = "<group>"; };
		8384CE871745871600854C09 /* AppDelegate.h */ = {isa = PBXFileReference; fileEncoding = 4; lastKnownFileType = sourcecode.c.h; name = AppDelegate.h; path = Application/AppDelegate.h; sourceTree = "<group>"; };
		8384CE881745871600854C09 /* AppDelegate.m */ = {isa = PBXFileReference; fileEncoding = 4; lastKnownFileType = sourcecode.c.objc; name = AppDelegate.m; path = Application/AppDelegate.m; sourceTree = "<group>"; };
		8384CE8B1745872600854C09 /* RZSegmentViewController.h */ = {isa = PBXFileReference; fileEncoding = 4; lastKnownFileType = sourcecode.c.h; name = RZSegmentViewController.h; path = ../../RZSegmentViewController/RZSegmentViewController.h; sourceTree = "<group>"; };
		8384CE8C1745872600854C09 /* RZSegmentViewController.m */ = {isa = PBXFileReference; fileEncoding = 4; lastKnownFileType = sourcecode.c.objc; name = RZSegmentViewController.m; path = ../../RZSegmentViewController/RZSegmentViewController.m; sourceTree = "<group>"; };
		98CC5BC018298A9400648D31 /* RZViewControllerTransitioningContext.h */ = {isa = PBXFileReference; fileEncoding = 4; lastKnownFileType = sourcecode.c.h; name = RZViewControllerTransitioningContext.h; path = ../../RZSegmentViewController/RZViewControllerTransitioningContext.h; sourceTree = "<group>"; };
		98CC5BC118298A9400648D31 /* RZViewControllerTransitioningContext.m */ = {isa = PBXFileReference; fileEncoding = 4; lastKnownFileType = sourcecode.c.objc; name = RZViewControllerTransitioningContext.m; path = ../../RZSegmentViewController/RZViewControllerTransitioningContext.m; sourceTree = "<group>"; };
		98CC5BC418298B3F00648D31 /* RZAnimationTransition.h */ = {isa = PBXFileReference; fileEncoding = 4; lastKnownFileType = sourcecode.c.h; name = RZAnimationTransition.h; path = Animations/RZAnimationTransition.h; sourceTree = "<group>"; };
		98CC5BC518298B3F00648D31 /* RZAnimationTransition.m */ = {isa = PBXFileReference; fileEncoding = 4; lastKnownFileType = sourcecode.c.objc; name = RZAnimationTransition.m; path = Animations/RZAnimationTransition.m; sourceTree = "<group>"; };
/* End PBXFileReference section */

/* Begin PBXFrameworksBuildPhase section */
		8384CE2D17457A5900854C09 /* Frameworks */ = {
			isa = PBXFrameworksBuildPhase;
			buildActionMask = 2147483647;
			files = (
				8384CE3417457A5900854C09 /* UIKit.framework in Frameworks */,
				8384CE3617457A5900854C09 /* Foundation.framework in Frameworks */,
				8384CE3817457A5900854C09 /* CoreGraphics.framework in Frameworks */,
			);
			runOnlyForDeploymentPostprocessing = 0;
		};
		8384CE5517457A5900854C09 /* Frameworks */ = {
			isa = PBXFrameworksBuildPhase;
			buildActionMask = 2147483647;
			files = (
				8384CE5B17457A5900854C09 /* SenTestingKit.framework in Frameworks */,
				8384CE5C17457A5900854C09 /* UIKit.framework in Frameworks */,
				8384CE5D17457A5900854C09 /* Foundation.framework in Frameworks */,
			);
			runOnlyForDeploymentPostprocessing = 0;
		};
/* End PBXFrameworksBuildPhase section */

/* Begin PBXGroup section */
		8384CE2717457A5900854C09 = {
			isa = PBXGroup;
			children = (
				8384CE7217457A8400854C09 /* RZSegmentViewController */,
				8384CE3917457A5900854C09 /* RZSegmentViewController-Demo */,
				8384CE6017457A5900854C09 /* RZSegmentViewController-DemoTests */,
				8384CE3217457A5900854C09 /* Frameworks */,
				8384CE3117457A5900854C09 /* Products */,
			);
			sourceTree = "<group>";
		};
		8384CE3117457A5900854C09 /* Products */ = {
			isa = PBXGroup;
			children = (
				8384CE3017457A5900854C09 /* RZSegmentViewController-Demo.app */,
				8384CE5917457A5900854C09 /* RZSegmentViewController-DemoTests.octest */,
			);
			name = Products;
			sourceTree = "<group>";
		};
		8384CE3217457A5900854C09 /* Frameworks */ = {
			isa = PBXGroup;
			children = (
				8384CE3317457A5900854C09 /* UIKit.framework */,
				8384CE3517457A5900854C09 /* Foundation.framework */,
				8384CE3717457A5900854C09 /* CoreGraphics.framework */,
				8384CE5A17457A5900854C09 /* SenTestingKit.framework */,
			);
			name = Frameworks;
			sourceTree = "<group>";
		};
		8384CE3917457A5900854C09 /* RZSegmentViewController-Demo */ = {
			isa = PBXGroup;
			children = (
				98CC5BC318298B1D00648D31 /* Animation */,
				8384CE7C17457C0F00854C09 /* Application */,
				8384CE7B17457C0A00854C09 /* ViewControllers */,
				8384CE3A17457A5900854C09 /* Supporting Files */,
			);
			path = "RZSegmentViewController-Demo";
			sourceTree = "<group>";
		};
		8384CE3A17457A5900854C09 /* Supporting Files */ = {
			isa = PBXGroup;
			children = (
				8384CE3B17457A5900854C09 /* RZSegmentViewController-Demo-Info.plist */,
				8384CE3C17457A5900854C09 /* InfoPlist.strings */,
				8384CE3F17457A5900854C09 /* main.m */,
				8384CE4117457A5900854C09 /* RZSegmentViewController-Demo-Prefix.pch */,
				8384CE4517457A5900854C09 /* Default.png */,
				8384CE4717457A5900854C09 /* Default@2x.png */,
				8384CE4917457A5900854C09 /* Default-568h@2x.png */,
			);
			name = "Supporting Files";
			sourceTree = "<group>";
		};
		8384CE6017457A5900854C09 /* RZSegmentViewController-DemoTests */ = {
			isa = PBXGroup;
			children = (
				8384CE6617457A5900854C09 /* RZSegmentViewController_DemoTests.h */,
				8384CE6717457A5900854C09 /* RZSegmentViewController_DemoTests.m */,
				8384CE6117457A5900854C09 /* Supporting Files */,
			);
			path = "RZSegmentViewController-DemoTests";
			sourceTree = "<group>";
		};
		8384CE6117457A5900854C09 /* Supporting Files */ = {
			isa = PBXGroup;
			children = (
				8384CE6217457A5900854C09 /* RZSegmentViewController-DemoTests-Info.plist */,
				8384CE6317457A5900854C09 /* InfoPlist.strings */,
			);
			name = "Supporting Files";
			sourceTree = "<group>";
		};
		8384CE7217457A8400854C09 /* RZSegmentViewController */ = {
			isa = PBXGroup;
			children = (
				98CC5BC018298A9400648D31 /* RZViewControllerTransitioningContext.h */,
				98CC5BC118298A9400648D31 /* RZViewControllerTransitioningContext.m */,
				8384CE8B1745872600854C09 /* RZSegmentViewController.h */,
				8384CE8C1745872600854C09 /* RZSegmentViewController.m */,
			);
			name = RZSegmentViewController;
			path = "RZSegmentViewController-Demo";
			sourceTree = "<group>";
		};
		8384CE7B17457C0A00854C09 /* ViewControllers */ = {
			isa = PBXGroup;
			children = (
				8384CE831745870B00854C09 /* MainViewController.h */,
				8384CE841745870B00854C09 /* MainViewController.m */,
				8384CE7617457C0400854C09 /* BasicViewController.h */,
				8384CE7717457C0400854C09 /* BasicViewController.m */,
				8384CE7817457C0400854C09 /* BasicViewController.xib */,
				8384CE80174583D600854C09 /* BasicTableViewController.h */,
				8384CE81174583D600854C09 /* BasicTableViewController.m */,
			);
			name = ViewControllers;
			sourceTree = "<group>";
		};
		8384CE7C17457C0F00854C09 /* Application */ = {
			isa = PBXGroup;
			children = (
				8384CE871745871600854C09 /* AppDelegate.h */,
				8384CE881745871600854C09 /* AppDelegate.m */,
			);
			name = Application;
			sourceTree = "<group>";
		};
		98CC5BC318298B1D00648D31 /* Animation */ = {
			isa = PBXGroup;
			children = (
				98CC5BC418298B3F00648D31 /* RZAnimationTransition.h */,
				98CC5BC518298B3F00648D31 /* RZAnimationTransition.m */,
			);
			name = Animation;
			sourceTree = "<group>";
		};
/* End PBXGroup section */

/* Begin PBXNativeTarget section */
		8384CE2F17457A5900854C09 /* RZSegmentViewController-Demo */ = {
			isa = PBXNativeTarget;
			buildConfigurationList = 8384CE6B17457A5900854C09 /* Build configuration list for PBXNativeTarget "RZSegmentViewController-Demo" */;
			buildPhases = (
				8384CE2C17457A5900854C09 /* Sources */,
				8384CE2D17457A5900854C09 /* Frameworks */,
				8384CE2E17457A5900854C09 /* Resources */,
			);
			buildRules = (
			);
			dependencies = (
			);
			name = "RZSegmentViewController-Demo";
			productName = "RZSegmentViewController-Demo";
			productReference = 8384CE3017457A5900854C09 /* RZSegmentViewController-Demo.app */;
			productType = "com.apple.product-type.application";
		};
		8384CE5817457A5900854C09 /* RZSegmentViewController-DemoTests */ = {
			isa = PBXNativeTarget;
			buildConfigurationList = 8384CE6E17457A5900854C09 /* Build configuration list for PBXNativeTarget "RZSegmentViewController-DemoTests" */;
			buildPhases = (
				8384CE5417457A5900854C09 /* Sources */,
				8384CE5517457A5900854C09 /* Frameworks */,
				8384CE5617457A5900854C09 /* Resources */,
				8384CE5717457A5900854C09 /* ShellScript */,
			);
			buildRules = (
			);
			dependencies = (
				8384CE5F17457A5900854C09 /* PBXTargetDependency */,
			);
			name = "RZSegmentViewController-DemoTests";
			productName = "RZSegmentViewController-DemoTests";
			productReference = 8384CE5917457A5900854C09 /* RZSegmentViewController-DemoTests.octest */;
			productType = "com.apple.product-type.bundle";
		};
/* End PBXNativeTarget section */

/* Begin PBXProject section */
		8384CE2817457A5900854C09 /* Project object */ = {
			isa = PBXProject;
			attributes = {
				LastUpgradeCheck = 0460;
				ORGANIZATIONNAME = Raizlabs;
			};
			buildConfigurationList = 8384CE2B17457A5900854C09 /* Build configuration list for PBXProject "RZSegmentViewController-Demo" */;
			compatibilityVersion = "Xcode 3.2";
			developmentRegion = English;
			hasScannedForEncodings = 0;
			knownRegions = (
				en,
			);
			mainGroup = 8384CE2717457A5900854C09;
			productRefGroup = 8384CE3117457A5900854C09 /* Products */;
			projectDirPath = "";
			projectRoot = "";
			targets = (
				8384CE2F17457A5900854C09 /* RZSegmentViewController-Demo */,
				8384CE5817457A5900854C09 /* RZSegmentViewController-DemoTests */,
			);
		};
/* End PBXProject section */

/* Begin PBXResourcesBuildPhase section */
		8384CE2E17457A5900854C09 /* Resources */ = {
			isa = PBXResourcesBuildPhase;
			buildActionMask = 2147483647;
			files = (
				8384CE3E17457A5900854C09 /* InfoPlist.strings in Resources */,
				8384CE4617457A5900854C09 /* Default.png in Resources */,
				8384CE4817457A5900854C09 /* Default@2x.png in Resources */,
				8384CE4A17457A5900854C09 /* Default-568h@2x.png in Resources */,
				8384CE7A17457C0400854C09 /* BasicViewController.xib in Resources */,
			);
			runOnlyForDeploymentPostprocessing = 0;
		};
		8384CE5617457A5900854C09 /* Resources */ = {
			isa = PBXResourcesBuildPhase;
			buildActionMask = 2147483647;
			files = (
				8384CE6517457A5900854C09 /* InfoPlist.strings in Resources */,
			);
			runOnlyForDeploymentPostprocessing = 0;
		};
/* End PBXResourcesBuildPhase section */

/* Begin PBXShellScriptBuildPhase section */
		8384CE5717457A5900854C09 /* ShellScript */ = {
			isa = PBXShellScriptBuildPhase;
			buildActionMask = 2147483647;
			files = (
			);
			inputPaths = (
			);
			outputPaths = (
			);
			runOnlyForDeploymentPostprocessing = 0;
			shellPath = /bin/sh;
			shellScript = "# Run the unit tests in this test bundle.\n\"${SYSTEM_DEVELOPER_DIR}/Tools/RunUnitTests\"\n";
		};
/* End PBXShellScriptBuildPhase section */

/* Begin PBXSourcesBuildPhase section */
		8384CE2C17457A5900854C09 /* Sources */ = {
			isa = PBXSourcesBuildPhase;
			buildActionMask = 2147483647;
			files = (
				8384CE4017457A5900854C09 /* main.m in Sources */,
				98CC5BC618298B3F00648D31 /* RZAnimationTransition.m in Sources */,
				8384CE7917457C0400854C09 /* BasicViewController.m in Sources */,
				8384CE82174583D600854C09 /* BasicTableViewController.m in Sources */,
				8384CE851745870B00854C09 /* MainViewController.m in Sources */,
				98CC5BC218298A9400648D31 /* RZViewControllerTransitioningContext.m in Sources */,
				8384CE891745871600854C09 /* AppDelegate.m in Sources */,
				8384CE8D1745872600854C09 /* RZSegmentViewController.m in Sources */,
			);
			runOnlyForDeploymentPostprocessing = 0;
		};
		8384CE5417457A5900854C09 /* Sources */ = {
			isa = PBXSourcesBuildPhase;
			buildActionMask = 2147483647;
			files = (
				8384CE6817457A5900854C09 /* RZSegmentViewController_DemoTests.m in Sources */,
				8384CE861745870B00854C09 /* MainViewController.m in Sources */,
				8384CE8A1745871600854C09 /* AppDelegate.m in Sources */,
				8384CE8E1745872600854C09 /* RZSegmentViewController.m in Sources */,
			);
			runOnlyForDeploymentPostprocessing = 0;
		};
/* End PBXSourcesBuildPhase section */

/* Begin PBXTargetDependency section */
		8384CE5F17457A5900854C09 /* PBXTargetDependency */ = {
			isa = PBXTargetDependency;
			target = 8384CE2F17457A5900854C09 /* RZSegmentViewController-Demo */;
			targetProxy = 8384CE5E17457A5900854C09 /* PBXContainerItemProxy */;
		};
/* End PBXTargetDependency section */

/* Begin PBXVariantGroup section */
		8384CE3C17457A5900854C09 /* InfoPlist.strings */ = {
			isa = PBXVariantGroup;
			children = (
				8384CE3D17457A5900854C09 /* en */,
			);
			name = InfoPlist.strings;
			sourceTree = "<group>";
		};
		8384CE6317457A5900854C09 /* InfoPlist.strings */ = {
			isa = PBXVariantGroup;
			children = (
				8384CE6417457A5900854C09 /* en */,
			);
			name = InfoPlist.strings;
			sourceTree = "<group>";
		};
/* End PBXVariantGroup section */

/* Begin XCBuildConfiguration section */
		8384CE6917457A5900854C09 /* Debug */ = {
			isa = XCBuildConfiguration;
			buildSettings = {
				ALWAYS_SEARCH_USER_PATHS = NO;
				CLANG_CXX_LANGUAGE_STANDARD = "gnu++0x";
				CLANG_CXX_LIBRARY = "libc++";
				CLANG_ENABLE_OBJC_ARC = YES;
				CLANG_WARN_CONSTANT_CONVERSION = YES;
				CLANG_WARN_EMPTY_BODY = YES;
				CLANG_WARN_ENUM_CONVERSION = YES;
				CLANG_WARN_INT_CONVERSION = YES;
				CLANG_WARN__DUPLICATE_METHOD_MATCH = YES;
				"CODE_SIGN_IDENTITY[sdk=iphoneos*]" = "iPhone Developer";
				COPY_PHASE_STRIP = NO;
				GCC_C_LANGUAGE_STANDARD = gnu99;
				GCC_DYNAMIC_NO_PIC = NO;
				GCC_OPTIMIZATION_LEVEL = 0;
				GCC_PREPROCESSOR_DEFINITIONS = (
					"DEBUG=1",
					"$(inherited)",
				);
				GCC_SYMBOLS_PRIVATE_EXTERN = NO;
				GCC_WARN_ABOUT_RETURN_TYPE = YES;
				GCC_WARN_UNINITIALIZED_AUTOS = YES;
				GCC_WARN_UNUSED_VARIABLE = YES;
				IPHONEOS_DEPLOYMENT_TARGET = 6.1;
				ONLY_ACTIVE_ARCH = YES;
				SDKROOT = iphoneos;
				TARGETED_DEVICE_FAMILY = "1,2";
			};
			name = Debug;
		};
		8384CE6A17457A5900854C09 /* Release */ = {
			isa = XCBuildConfiguration;
			buildSettings = {
				ALWAYS_SEARCH_USER_PATHS = NO;
				CLANG_CXX_LANGUAGE_STANDARD = "gnu++0x";
				CLANG_CXX_LIBRARY = "libc++";
				CLANG_ENABLE_OBJC_ARC = YES;
				CLANG_WARN_CONSTANT_CONVERSION = YES;
				CLANG_WARN_EMPTY_BODY = YES;
				CLANG_WARN_ENUM_CONVERSION = YES;
				CLANG_WARN_INT_CONVERSION = YES;
				CLANG_WARN__DUPLICATE_METHOD_MATCH = YES;
				"CODE_SIGN_IDENTITY[sdk=iphoneos*]" = "iPhone Developer";
				COPY_PHASE_STRIP = YES;
				GCC_C_LANGUAGE_STANDARD = gnu99;
				GCC_WARN_ABOUT_RETURN_TYPE = YES;
				GCC_WARN_UNINITIALIZED_AUTOS = YES;
				GCC_WARN_UNUSED_VARIABLE = YES;
				IPHONEOS_DEPLOYMENT_TARGET = 6.1;
				OTHER_CFLAGS = "-DNS_BLOCK_ASSERTIONS=1";
				SDKROOT = iphoneos;
				TARGETED_DEVICE_FAMILY = "1,2";
				VALIDATE_PRODUCT = YES;
			};
			name = Release;
		};
		8384CE6C17457A5900854C09 /* Debug */ = {
			isa = XCBuildConfiguration;
			buildSettings = {
				GCC_PRECOMPILE_PREFIX_HEADER = YES;
				GCC_PREFIX_HEADER = "RZSegmentViewController-Demo/RZSegmentViewController-Demo-Prefix.pch";
				INFOPLIST_FILE = "RZSegmentViewController-Demo/RZSegmentViewController-Demo-Info.plist";
				IPHONEOS_DEPLOYMENT_TARGET = 6.0;
				PRODUCT_NAME = "$(TARGET_NAME)";
				WRAPPER_EXTENSION = app;
			};
			name = Debug;
		};
		8384CE6D17457A5900854C09 /* Release */ = {
			isa = XCBuildConfiguration;
			buildSettings = {
				GCC_PRECOMPILE_PREFIX_HEADER = YES;
				GCC_PREFIX_HEADER = "RZSegmentViewController-Demo/RZSegmentViewController-Demo-Prefix.pch";
				INFOPLIST_FILE = "RZSegmentViewController-Demo/RZSegmentViewController-Demo-Info.plist";
				IPHONEOS_DEPLOYMENT_TARGET = 6.0;
				PRODUCT_NAME = "$(TARGET_NAME)";
				WRAPPER_EXTENSION = app;
			};
			name = Release;
		};
		8384CE6F17457A5900854C09 /* Debug */ = {
			isa = XCBuildConfiguration;
			buildSettings = {
				BUNDLE_LOADER = "$(BUILT_PRODUCTS_DIR)/RZSegmentViewController-Demo.app/RZSegmentViewController-Demo";
				FRAMEWORK_SEARCH_PATHS = (
					"\"$(SDKROOT)/Developer/Library/Frameworks\"",
					"\"$(DEVELOPER_LIBRARY_DIR)/Frameworks\"",
				);
				GCC_PRECOMPILE_PREFIX_HEADER = YES;
				GCC_PREFIX_HEADER = "RZSegmentViewController-Demo/RZSegmentViewController-Demo-Prefix.pch";
				INFOPLIST_FILE = "RZSegmentViewController-DemoTests/RZSegmentViewController-DemoTests-Info.plist";
				PRODUCT_NAME = "$(TARGET_NAME)";
				TEST_HOST = "$(BUNDLE_LOADER)";
				WRAPPER_EXTENSION = octest;
			};
			name = Debug;
		};
		8384CE7017457A5900854C09 /* Release */ = {
			isa = XCBuildConfiguration;
			buildSettings = {
				BUNDLE_LOADER = "$(BUILT_PRODUCTS_DIR)/RZSegmentViewController-Demo.app/RZSegmentViewController-Demo";
				FRAMEWORK_SEARCH_PATHS = (
					"\"$(SDKROOT)/Developer/Library/Frameworks\"",
					"\"$(DEVELOPER_LIBRARY_DIR)/Frameworks\"",
				);
				GCC_PRECOMPILE_PREFIX_HEADER = YES;
				GCC_PREFIX_HEADER = "RZSegmentViewController-Demo/RZSegmentViewController-Demo-Prefix.pch";
				INFOPLIST_FILE = "RZSegmentViewController-DemoTests/RZSegmentViewController-DemoTests-Info.plist";
				PRODUCT_NAME = "$(TARGET_NAME)";
				TEST_HOST = "$(BUNDLE_LOADER)";
				WRAPPER_EXTENSION = octest;
			};
			name = Release;
		};
/* End XCBuildConfiguration section */

/* Begin XCConfigurationList section */
		8384CE2B17457A5900854C09 /* Build configuration list for PBXProject "RZSegmentViewController-Demo" */ = {
			isa = XCConfigurationList;
			buildConfigurations = (
				8384CE6917457A5900854C09 /* Debug */,
				8384CE6A17457A5900854C09 /* Release */,
			);
			defaultConfigurationIsVisible = 0;
			defaultConfigurationName = Release;
		};
		8384CE6B17457A5900854C09 /* Build configuration list for PBXNativeTarget "RZSegmentViewController-Demo" */ = {
			isa = XCConfigurationList;
			buildConfigurations = (
				8384CE6C17457A5900854C09 /* Debug */,
				8384CE6D17457A5900854C09 /* Release */,
			);
			defaultConfigurationIsVisible = 0;
			defaultConfigurationName = Release;
		};
		8384CE6E17457A5900854C09 /* Build configuration list for PBXNativeTarget "RZSegmentViewController-DemoTests" */ = {
			isa = XCConfigurationList;
			buildConfigurations = (
				8384CE6F17457A5900854C09 /* Debug */,
				8384CE7017457A5900854C09 /* Release */,
			);
			defaultConfigurationIsVisible = 0;
			defaultConfigurationName = Release;
		};
/* End XCConfigurationList section */
	};
	rootObject = 8384CE2817457A5900854C09 /* Project object */;
}
